
Microsoft Visual Studio Solution File, Format Version 12.00
# Visual Studio Version 17
VisualStudioVersion = 17.14.36109.1 d17.14
MinimumVisualStudioVersion = 10.0.40219.1
Project("{FAE04EC0-301F-11D3-BF4B-00C04F79EFBC}") = "ProcessadorTxtAsync", "ProcessadorTxtAsync.csproj", "{AC8F16E9-32B4-7D01-A00E-E70274F35004}"
EndProject
Global
	GlobalSection(SolutionConfigurationPlatforms) = preSolution
		Debug|Any CPU = Debug|Any CPU
		Release|Any CPU = Release|Any CPU
	EndGlobalSection
	GlobalSection(ProjectConfigurationPlatforms) = postSolution
		{AC8F16E9-32B4-7D01-A00E-E70274F35004}.Debug|Any CPU.ActiveCfg = Debug|Any CPU
		{AC8F16E9-32B4-7D01-A00E-E70274F35004}.Debug|Any CPU.Build.0 = Debug|Any CPU
		{AC8F16E9-32B4-7D01-A00E-E70274F35004}.Release|Any CPU.ActiveCfg = Release|Any CPU
		{AC8F16E9-32B4-7D01-A00E-E70274F35004}.Release|Any CPU.Build.0 = Release|Any CPU
	EndGlobalSection
	GlobalSection(SolutionProperties) = preSolution
		HideSolutionNode = FALSE
	EndGlobalSection
	GlobalSection(ExtensibilityGlobals) = postSolution
		SolutionGuid = {88AC2DF9-4679-441D-91F7-AB05B4B80899}
	EndGlobalSection
EndGlobal
